// !$*UTF8*$!
{
	archiveVersion = 1;
	classes = {
	};
	objectVersion = 48;
	objects = {

/* Begin PBXBuildFile section */
		602B44C5201C4BC3002F15AE /* AppDelegate.m in Sources */ = {isa = PBXBuildFile; fileRef = 602B44C4201C4BC3002F15AE /* AppDelegate.m */; };
		602B44C8201C4BC3002F15AE /* GistListView.m in Sources */ = {isa = PBXBuildFile; fileRef = 602B44C7201C4BC3002F15AE /* GistListView.m */; };
		602B44CD201C4BC3002F15AE /* Assets.xcassets in Resources */ = {isa = PBXBuildFile; fileRef = 602B44CC201C4BC3002F15AE /* Assets.xcassets */; };
		602B44D0201C4BC3002F15AE /* LaunchScreen.storyboard in Resources */ = {isa = PBXBuildFile; fileRef = 602B44CE201C4BC3002F15AE /* LaunchScreen.storyboard */; };
		602B44D3201C4BC3002F15AE /* main.m in Sources */ = {isa = PBXBuildFile; fileRef = 602B44D2201C4BC3002F15AE /* main.m */; };
		60C8B678201D904000CFDAB3 /* GistListRouter.m in Sources */ = {isa = PBXBuildFile; fileRef = 60C8B677201D904000CFDAB3 /* GistListRouter.m */; };
		60C8B688201DA49A00CFDAB3 /* GistDetailView.m in Sources */ = {isa = PBXBuildFile; fileRef = 60C8B686201DA49A00CFDAB3 /* GistDetailView.m */; };
		60C8B689201DA49A00CFDAB3 /* GistDetailView.xib in Resources */ = {isa = PBXBuildFile; fileRef = 60C8B687201DA49A00CFDAB3 /* GistDetailView.xib */; };
		60C8B68C201DA51800CFDAB3 /* GistDetailPresenter.m in Sources */ = {isa = PBXBuildFile; fileRef = 60C8B68B201DA51800CFDAB3 /* GistDetailPresenter.m */; };
		60C8B68F201DA81500CFDAB3 /* GistDetailAssembler.m in Sources */ = {isa = PBXBuildFile; fileRef = 60C8B68E201DA81500CFDAB3 /* GistDetailAssembler.m */; };
		60C8B697201DB7C700CFDAB3 /* GistDetailInteractor.m in Sources */ = {isa = PBXBuildFile; fileRef = 60C8B696201DB7C700CFDAB3 /* GistDetailInteractor.m */; };
		60C8B69B201E115000CFDAB3 /* NetworkManager.m in Sources */ = {isa = PBXBuildFile; fileRef = 60C8B69A201E115000CFDAB3 /* NetworkManager.m */; };
		60C8B69E201E601B00CFDAB3 /* GistDetailFile.m in Sources */ = {isa = PBXBuildFile; fileRef = 60C8B69D201E601B00CFDAB3 /* GistDetailFile.m */; };
		60C8B6A2201E6D0200CFDAB3 /* GistFileCell.m in Sources */ = {isa = PBXBuildFile; fileRef = 60C8B6A0201E6D0200CFDAB3 /* GistFileCell.m */; };
		60C8B6A3201E6D0200CFDAB3 /* GistFileCell.xib in Resources */ = {isa = PBXBuildFile; fileRef = 60C8B6A1201E6D0200CFDAB3 /* GistFileCell.xib */; };
		60C8B6A6201EEA8100CFDAB3 /* GistDetailCommit.m in Sources */ = {isa = PBXBuildFile; fileRef = 60C8B6A5201EEA8100CFDAB3 /* GistDetailCommit.m */; };
		60C8B6AA201EF05600CFDAB3 /* GistCommitCell.m in Sources */ = {isa = PBXBuildFile; fileRef = 60C8B6A8201EF05600CFDAB3 /* GistCommitCell.m */; };
		60C8B6AB201EF05600CFDAB3 /* GistCommitCell.xib in Resources */ = {isa = PBXBuildFile; fileRef = 60C8B6A9201EF05600CFDAB3 /* GistCommitCell.xib */; };
		60C9D2AE201C5BE400C920E2 /* GistListInteractor.m in Sources */ = {isa = PBXBuildFile; fileRef = 60C9D2AD201C5BE400C920E2 /* GistListInteractor.m */; };
		60C9D2B1201C62E100C920E2 /* GistListPresenter.m in Sources */ = {isa = PBXBuildFile; fileRef = 60C9D2B0201C62E100C920E2 /* GistListPresenter.m */; };
		60C9D2B5201C71E200C920E2 /* GistListAssembler.m in Sources */ = {isa = PBXBuildFile; fileRef = 60C9D2B4201C71E200C920E2 /* GistListAssembler.m */; };
		60C9D2B9201C784A00C920E2 /* GistListView.xib in Resources */ = {isa = PBXBuildFile; fileRef = 60C9D2B8201C784A00C920E2 /* GistListView.xib */; };
		60E33136201C858B00F8BBB0 /* GistListCell.m in Sources */ = {isa = PBXBuildFile; fileRef = 60E33134201C858B00F8BBB0 /* GistListCell.m */; };
		60E33137201C858B00F8BBB0 /* GistListCell.xib in Resources */ = {isa = PBXBuildFile; fileRef = 60E33135201C858B00F8BBB0 /* GistListCell.xib */; };
		60E3313A201C8A2E00F8BBB0 /* GistListElement.m in Sources */ = {isa = PBXBuildFile; fileRef = 60E33139201C8A2E00F8BBB0 /* GistListElement.m */; };
		881BD82399A3F2B60EA28EAF /* libPods-Gists.a in Frameworks */ = {isa = PBXBuildFile; fileRef = 8F3D571F5FE9C9AA0CC49612 /* libPods-Gists.a */; };
/* End PBXBuildFile section */

/* Begin PBXFileReference section */
		10B7F3E5B9A0CFC6C9E9CCB6 /* Pods-Gists.debug.xcconfig */ = {isa = PBXFileReference; includeInIndex = 1; lastKnownFileType = text.xcconfig; name = "Pods-Gists.debug.xcconfig"; path = "Pods/Target Support Files/Pods-Gists/Pods-Gists.debug.xcconfig"; sourceTree = "<group>"; };
		602B44C0201C4BC3002F15AE /* Gists.app */ = {isa = PBXFileReference; explicitFileType = wrapper.application; includeInIndex = 0; path = Gists.app; sourceTree = BUILT_PRODUCTS_DIR; };
		602B44C3201C4BC3002F15AE /* AppDelegate.h */ = {isa = PBXFileReference; lastKnownFileType = sourcecode.c.h; path = AppDelegate.h; sourceTree = "<group>"; };
		602B44C4201C4BC3002F15AE /* AppDelegate.m */ = {isa = PBXFileReference; lastKnownFileType = sourcecode.c.objc; path = AppDelegate.m; sourceTree = "<group>"; };
		602B44C6201C4BC3002F15AE /* GistListView.h */ = {isa = PBXFileReference; lastKnownFileType = sourcecode.c.h; path = GistListView.h; sourceTree = "<group>"; };
		602B44C7201C4BC3002F15AE /* GistListView.m */ = {isa = PBXFileReference; lastKnownFileType = sourcecode.c.objc; path = GistListView.m; sourceTree = "<group>"; };
		602B44CC201C4BC3002F15AE /* Assets.xcassets */ = {isa = PBXFileReference; lastKnownFileType = folder.assetcatalog; path = Assets.xcassets; sourceTree = "<group>"; };
		602B44CF201C4BC3002F15AE /* Base */ = {isa = PBXFileReference; lastKnownFileType = file.storyboard; name = Base; path = Base.lproj/LaunchScreen.storyboard; sourceTree = "<group>"; };
		602B44D1201C4BC3002F15AE /* Info.plist */ = {isa = PBXFileReference; lastKnownFileType = text.plist.xml; path = Info.plist; sourceTree = "<group>"; };
		602B44D2201C4BC3002F15AE /* main.m */ = {isa = PBXFileReference; lastKnownFileType = sourcecode.c.objc; path = main.m; sourceTree = "<group>"; };
		60C5AA30A76E116FE3662578 /* Pods-Gists.release.xcconfig */ = {isa = PBXFileReference; includeInIndex = 1; lastKnownFileType = text.xcconfig; name = "Pods-Gists.release.xcconfig"; path = "Pods/Target Support Files/Pods-Gists/Pods-Gists.release.xcconfig"; sourceTree = "<group>"; };
		60C8B676201D904000CFDAB3 /* GistListRouter.h */ = {isa = PBXFileReference; lastKnownFileType = sourcecode.c.h; path = GistListRouter.h; sourceTree = "<group>"; };
		60C8B677201D904000CFDAB3 /* GistListRouter.m */ = {isa = PBXFileReference; lastKnownFileType = sourcecode.c.objc; path = GistListRouter.m; sourceTree = "<group>"; };
		60C8B685201DA49A00CFDAB3 /* GistDetailView.h */ = {isa = PBXFileReference; lastKnownFileType = sourcecode.c.h; path = GistDetailView.h; sourceTree = "<group>"; };
		60C8B686201DA49A00CFDAB3 /* GistDetailView.m */ = {isa = PBXFileReference; lastKnownFileType = sourcecode.c.objc; path = GistDetailView.m; sourceTree = "<group>"; };
		60C8B687201DA49A00CFDAB3 /* GistDetailView.xib */ = {isa = PBXFileReference; lastKnownFileType = file.xib; path = GistDetailView.xib; sourceTree = "<group>"; };
		60C8B68A201DA51800CFDAB3 /* GistDetailPresenter.h */ = {isa = PBXFileReference; lastKnownFileType = sourcecode.c.h; path = GistDetailPresenter.h; sourceTree = "<group>"; };
		60C8B68B201DA51800CFDAB3 /* GistDetailPresenter.m */ = {isa = PBXFileReference; lastKnownFileType = sourcecode.c.objc; path = GistDetailPresenter.m; sourceTree = "<group>"; };
		60C8B68D201DA81500CFDAB3 /* GistDetailAssembler.h */ = {isa = PBXFileReference; lastKnownFileType = sourcecode.c.h; path = GistDetailAssembler.h; sourceTree = "<group>"; };
		60C8B68E201DA81500CFDAB3 /* GistDetailAssembler.m */ = {isa = PBXFileReference; lastKnownFileType = sourcecode.c.objc; path = GistDetailAssembler.m; sourceTree = "<group>"; };
		60C8B695201DB7C700CFDAB3 /* GistDetailInteractor.h */ = {isa = PBXFileReference; lastKnownFileType = sourcecode.c.h; path = GistDetailInteractor.h; sourceTree = "<group>"; };
		60C8B696201DB7C700CFDAB3 /* GistDetailInteractor.m */ = {isa = PBXFileReference; lastKnownFileType = sourcecode.c.objc; path = GistDetailInteractor.m; sourceTree = "<group>"; };
		60C8B699201E115000CFDAB3 /* NetworkManager.h */ = {isa = PBXFileReference; lastKnownFileType = sourcecode.c.h; path = NetworkManager.h; sourceTree = "<group>"; };
		60C8B69A201E115000CFDAB3 /* NetworkManager.m */ = {isa = PBXFileReference; lastKnownFileType = sourcecode.c.objc; path = NetworkManager.m; sourceTree = "<group>"; };
		60C8B69C201E601B00CFDAB3 /* GistDetailFile.h */ = {isa = PBXFileReference; lastKnownFileType = sourcecode.c.h; path = GistDetailFile.h; sourceTree = "<group>"; };
		60C8B69D201E601B00CFDAB3 /* GistDetailFile.m */ = {isa = PBXFileReference; lastKnownFileType = sourcecode.c.objc; path = GistDetailFile.m; sourceTree = "<group>"; };
		60C8B69F201E6D0200CFDAB3 /* GistFileCell.h */ = {isa = PBXFileReference; lastKnownFileType = sourcecode.c.h; path = GistFileCell.h; sourceTree = "<group>"; };
		60C8B6A0201E6D0200CFDAB3 /* GistFileCell.m */ = {isa = PBXFileReference; lastKnownFileType = sourcecode.c.objc; path = GistFileCell.m; sourceTree = "<group>"; };
		60C8B6A1201E6D0200CFDAB3 /* GistFileCell.xib */ = {isa = PBXFileReference; lastKnownFileType = file.xib; path = GistFileCell.xib; sourceTree = "<group>"; };
		60C8B6A4201EEA8100CFDAB3 /* GistDetailCommit.h */ = {isa = PBXFileReference; lastKnownFileType = sourcecode.c.h; path = GistDetailCommit.h; sourceTree = "<group>"; };
		60C8B6A5201EEA8100CFDAB3 /* GistDetailCommit.m */ = {isa = PBXFileReference; lastKnownFileType = sourcecode.c.objc; path = GistDetailCommit.m; sourceTree = "<group>"; };
		60C8B6A7201EF05600CFDAB3 /* GistCommitCell.h */ = {isa = PBXFileReference; lastKnownFileType = sourcecode.c.h; path = GistCommitCell.h; sourceTree = "<group>"; };
		60C8B6A8201EF05600CFDAB3 /* GistCommitCell.m */ = {isa = PBXFileReference; lastKnownFileType = sourcecode.c.objc; path = GistCommitCell.m; sourceTree = "<group>"; };
		60C8B6A9201EF05600CFDAB3 /* GistCommitCell.xib */ = {isa = PBXFileReference; lastKnownFileType = file.xib; path = GistCommitCell.xib; sourceTree = "<group>"; };
		60C9D2AC201C5BE400C920E2 /* GistListInteractor.h */ = {isa = PBXFileReference; lastKnownFileType = sourcecode.c.h; path = GistListInteractor.h; sourceTree = "<group>"; };
		60C9D2AD201C5BE400C920E2 /* GistListInteractor.m */ = {isa = PBXFileReference; lastKnownFileType = sourcecode.c.objc; path = GistListInteractor.m; sourceTree = "<group>"; };
		60C9D2AF201C62E100C920E2 /* GistListPresenter.h */ = {isa = PBXFileReference; lastKnownFileType = sourcecode.c.h; path = GistListPresenter.h; sourceTree = "<group>"; };
		60C9D2B0201C62E100C920E2 /* GistListPresenter.m */ = {isa = PBXFileReference; lastKnownFileType = sourcecode.c.objc; path = GistListPresenter.m; sourceTree = "<group>"; };
		60C9D2B3201C71E200C920E2 /* GistListAssembler.h */ = {isa = PBXFileReference; lastKnownFileType = sourcecode.c.h; path = GistListAssembler.h; sourceTree = "<group>"; };
		60C9D2B4201C71E200C920E2 /* GistListAssembler.m */ = {isa = PBXFileReference; lastKnownFileType = sourcecode.c.objc; path = GistListAssembler.m; sourceTree = "<group>"; };
		60C9D2B8201C784A00C920E2 /* GistListView.xib */ = {isa = PBXFileReference; lastKnownFileType = file.xib; path = GistListView.xib; sourceTree = "<group>"; };
		60E33133201C858B00F8BBB0 /* GistListCell.h */ = {isa = PBXFileReference; lastKnownFileType = sourcecode.c.h; path = GistListCell.h; sourceTree = "<group>"; };
		60E33134201C858B00F8BBB0 /* GistListCell.m */ = {isa = PBXFileReference; lastKnownFileType = sourcecode.c.objc; path = GistListCell.m; sourceTree = "<group>"; };
		60E33135201C858B00F8BBB0 /* GistListCell.xib */ = {isa = PBXFileReference; lastKnownFileType = file.xib; path = GistListCell.xib; sourceTree = "<group>"; };
		60E33138201C8A2E00F8BBB0 /* GistListElement.h */ = {isa = PBXFileReference; lastKnownFileType = sourcecode.c.h; path = GistListElement.h; sourceTree = "<group>"; };
		60E33139201C8A2E00F8BBB0 /* GistListElement.m */ = {isa = PBXFileReference; lastKnownFileType = sourcecode.c.objc; path = GistListElement.m; sourceTree = "<group>"; };
		8F3D571F5FE9C9AA0CC49612 /* libPods-Gists.a */ = {isa = PBXFileReference; explicitFileType = archive.ar; includeInIndex = 0; path = "libPods-Gists.a"; sourceTree = BUILT_PRODUCTS_DIR; };
/* End PBXFileReference section */

/* Begin PBXFrameworksBuildPhase section */
		602B44BD201C4BC3002F15AE /* Frameworks */ = {
			isa = PBXFrameworksBuildPhase;
			buildActionMask = 2147483647;
			files = (
				881BD82399A3F2B60EA28EAF /* libPods-Gists.a in Frameworks */,
			);
			runOnlyForDeploymentPostprocessing = 0;
		};
/* End PBXFrameworksBuildPhase section */

/* Begin PBXGroup section */
		1E960D69BECE315B00B4DF21 /* Pods */ = {
			isa = PBXGroup;
			children = (
				10B7F3E5B9A0CFC6C9E9CCB6 /* Pods-Gists.debug.xcconfig */,
				60C5AA30A76E116FE3662578 /* Pods-Gists.release.xcconfig */,
			);
			name = Pods;
			sourceTree = "<group>";
		};
		5E0072C6739DCBB3F1455612 /* Frameworks */ = {
			isa = PBXGroup;
			children = (
				8F3D571F5FE9C9AA0CC49612 /* libPods-Gists.a */,
			);
			name = Frameworks;
			sourceTree = "<group>";
		};
		602B44B7201C4BC3002F15AE = {
			isa = PBXGroup;
			children = (
				602B44C2201C4BC3002F15AE /* Gists */,
				602B44C1201C4BC3002F15AE /* Products */,
				1E960D69BECE315B00B4DF21 /* Pods */,
				5E0072C6739DCBB3F1455612 /* Frameworks */,
			);
			sourceTree = "<group>";
		};
		602B44C1201C4BC3002F15AE /* Products */ = {
			isa = PBXGroup;
			children = (
				602B44C0201C4BC3002F15AE /* Gists.app */,
			);
			name = Products;
			sourceTree = "<group>";
		};
		602B44C2201C4BC3002F15AE /* Gists */ = {
			isa = PBXGroup;
			children = (
				602B44C3201C4BC3002F15AE /* AppDelegate.h */,
				602B44C4201C4BC3002F15AE /* AppDelegate.m */,
				60C9D2B2201C71CC00C920E2 /* GistList */,
				60C8B67F201DA0FF00CFDAB3 /* GistDetail */,
				60C8B698201E10E700CFDAB3 /* Serviсes */,
				602B44CC201C4BC3002F15AE /* Assets.xcassets */,
				602B44CE201C4BC3002F15AE /* LaunchScreen.storyboard */,
				602B44D1201C4BC3002F15AE /* Info.plist */,
				602B44D2201C4BC3002F15AE /* main.m */,
			);
			path = Gists;
			sourceTree = "<group>";
		};
		60C8B679201DA09400CFDAB3 /* Assembler */ = {
			isa = PBXGroup;
			children = (
				60C9D2B3201C71E200C920E2 /* GistListAssembler.h */,
				60C9D2B4201C71E200C920E2 /* GistListAssembler.m */,
			);
			path = Assembler;
			sourceTree = "<group>";
		};
		60C8B67A201DA0A500CFDAB3 /* View */ = {
			isa = PBXGroup;
			children = (
				602B44C6201C4BC3002F15AE /* GistListView.h */,
				602B44C7201C4BC3002F15AE /* GistListView.m */,
				60C9D2B8201C784A00C920E2 /* GistListView.xib */,
				60E33133201C858B00F8BBB0 /* GistListCell.h */,
				60E33134201C858B00F8BBB0 /* GistListCell.m */,
				60E33135201C858B00F8BBB0 /* GistListCell.xib */,
			);
			path = View;
			sourceTree = "<group>";
		};
		60C8B67B201DA0B100CFDAB3 /* Presenter */ = {
			isa = PBXGroup;
			children = (
				60C9D2AF201C62E100C920E2 /* GistListPresenter.h */,
				60C9D2B0201C62E100C920E2 /* GistListPresenter.m */,
			);
			path = Presenter;
			sourceTree = "<group>";
		};
		60C8B67C201DA0BB00CFDAB3 /* Interactor */ = {
			isa = PBXGroup;
			children = (
				60C9D2AC201C5BE400C920E2 /* GistListInteractor.h */,
				60C9D2AD201C5BE400C920E2 /* GistListInteractor.m */,
			);
			path = Interactor;
			sourceTree = "<group>";
		};
		60C8B67D201DA0C800CFDAB3 /* Router */ = {
			isa = PBXGroup;
			children = (
				60C8B676201D904000CFDAB3 /* GistListRouter.h */,
				60C8B677201D904000CFDAB3 /* GistListRouter.m */,
			);
			path = Router;
			sourceTree = "<group>";
		};
		60C8B67E201DA0D300CFDAB3 /* Entity */ = {
			isa = PBXGroup;
			children = (
				60E33138201C8A2E00F8BBB0 /* GistListElement.h */,
				60E33139201C8A2E00F8BBB0 /* GistListElement.m */,
			);
			path = Entity;
			sourceTree = "<group>";
		};
		60C8B67F201DA0FF00CFDAB3 /* GistDetail */ = {
			isa = PBXGroup;
			children = (
				60C8B6AC201EF3DD00CFDAB3 /* Assembler */,
				60C8B6AD201EF42300CFDAB3 /* View */,
				60C8B6AF201EF43F00CFDAB3 /* Interactor */,
				60C8B6AE201EF43500CFDAB3 /* Presenter */,
				60C8B6B0201EF44B00CFDAB3 /* Entity */,
			);
			path = GistDetail;
			sourceTree = "<group>";
		};
		60C8B698201E10E700CFDAB3 /* Serviсes */ = {
			isa = PBXGroup;
			children = (
				60C8B699201E115000CFDAB3 /* NetworkManager.h */,
				60C8B69A201E115000CFDAB3 /* NetworkManager.m */,
			);
			path = "Serviсes";
			sourceTree = "<group>";
		};
		60C8B6AC201EF3DD00CFDAB3 /* Assembler */ = {
			isa = PBXGroup;
			children = (
				60C8B68D201DA81500CFDAB3 /* GistDetailAssembler.h */,
				60C8B68E201DA81500CFDAB3 /* GistDetailAssembler.m */,
			);
			path = Assembler;
			sourceTree = "<group>";
		};
		60C8B6AD201EF42300CFDAB3 /* View */ = {
			isa = PBXGroup;
			children = (
				60C8B685201DA49A00CFDAB3 /* GistDetailView.h */,
				60C8B686201DA49A00CFDAB3 /* GistDetailView.m */,
				60C8B687201DA49A00CFDAB3 /* GistDetailView.xib */,
				60C8B69F201E6D0200CFDAB3 /* GistFileCell.h */,
				60C8B6A0201E6D0200CFDAB3 /* GistFileCell.m */,
				60C8B6A1201E6D0200CFDAB3 /* GistFileCell.xib */,
				60C8B6A7201EF05600CFDAB3 /* GistCommitCell.h */,
				60C8B6A8201EF05600CFDAB3 /* GistCommitCell.m */,
				60C8B6A9201EF05600CFDAB3 /* GistCommitCell.xib */,
			);
			path = View;
			sourceTree = "<group>";
		};
		60C8B6AE201EF43500CFDAB3 /* Presenter */ = {
			isa = PBXGroup;
			children = (
				60C8B68A201DA51800CFDAB3 /* GistDetailPresenter.h */,
				60C8B68B201DA51800CFDAB3 /* GistDetailPresenter.m */,
			);
			path = Presenter;
			sourceTree = "<group>";
		};
		60C8B6AF201EF43F00CFDAB3 /* Interactor */ = {
			isa = PBXGroup;
			children = (
				60C8B695201DB7C700CFDAB3 /* GistDetailInteractor.h */,
				60C8B696201DB7C700CFDAB3 /* GistDetailInteractor.m */,
			);
			path = Interactor;
			sourceTree = "<group>";
		};
		60C8B6B0201EF44B00CFDAB3 /* Entity */ = {
			isa = PBXGroup;
			children = (
				60C8B69C201E601B00CFDAB3 /* GistDetailFile.h */,
				60C8B69D201E601B00CFDAB3 /* GistDetailFile.m */,
				60C8B6A4201EEA8100CFDAB3 /* GistDetailCommit.h */,
				60C8B6A5201EEA8100CFDAB3 /* GistDetailCommit.m */,
			);
			path = Entity;
			sourceTree = "<group>";
		};
		60C9D2B2201C71CC00C920E2 /* GistList */ = {
			isa = PBXGroup;
			children = (
				60C8B679201DA09400CFDAB3 /* Assembler */,
				60C8B67A201DA0A500CFDAB3 /* View */,
				60C8B67B201DA0B100CFDAB3 /* Presenter */,
				60C8B67C201DA0BB00CFDAB3 /* Interactor */,
				60C8B67E201DA0D300CFDAB3 /* Entity */,
				60C8B67D201DA0C800CFDAB3 /* Router */,
			);
			path = GistList;
			sourceTree = "<group>";
		};
/* End PBXGroup section */

/* Begin PBXNativeTarget section */
		602B44BF201C4BC3002F15AE /* Gists */ = {
			isa = PBXNativeTarget;
			buildConfigurationList = 602B44D6201C4BC3002F15AE /* Build configuration list for PBXNativeTarget "Gists" */;
			buildPhases = (
				0E4C9282A9AFEC0DF2F2AFDD /* [CP] Check Pods Manifest.lock */,
				602B44BC201C4BC3002F15AE /* Sources */,
				602B44BD201C4BC3002F15AE /* Frameworks */,
				602B44BE201C4BC3002F15AE /* Resources */,
				B112749A6131FD5C78E47DDC /* [CP] Embed Pods Frameworks */,
				7AC453860EE062DDC03F41C8 /* [CP] Copy Pods Resources */,
			);
			buildRules = (
			);
			dependencies = (
			);
			name = Gists;
			productName = Gists;
			productReference = 602B44C0201C4BC3002F15AE /* Gists.app */;
			productType = "com.apple.product-type.application";
		};
/* End PBXNativeTarget section */

/* Begin PBXProject section */
		602B44B8201C4BC3002F15AE /* Project object */ = {
			isa = PBXProject;
			attributes = {
				LastUpgradeCheck = 0920;
				ORGANIZATIONNAME = RS;
				TargetAttributes = {
					602B44BF201C4BC3002F15AE = {
						CreatedOnToolsVersion = 9.2;
						ProvisioningStyle = Automatic;
					};
				};
			};
			buildConfigurationList = 602B44BB201C4BC3002F15AE /* Build configuration list for PBXProject "Gists" */;
			compatibilityVersion = "Xcode 8.0";
			developmentRegion = en;
			hasScannedForEncodings = 0;
			knownRegions = (
				en,
				Base,
			);
			mainGroup = 602B44B7201C4BC3002F15AE;
			productRefGroup = 602B44C1201C4BC3002F15AE /* Products */;
			projectDirPath = "";
			projectRoot = "";
			targets = (
				602B44BF201C4BC3002F15AE /* Gists */,
			);
		};
/* End PBXProject section */

/* Begin PBXResourcesBuildPhase section */
		602B44BE201C4BC3002F15AE /* Resources */ = {
			isa = PBXResourcesBuildPhase;
			buildActionMask = 2147483647;
			files = (
				60C8B6A3201E6D0200CFDAB3 /* GistFileCell.xib in Resources */,
				60E33137201C858B00F8BBB0 /* GistListCell.xib in Resources */,
				60C8B6AB201EF05600CFDAB3 /* GistCommitCell.xib in Resources */,
				602B44D0201C4BC3002F15AE /* LaunchScreen.storyboard in Resources */,
				60C8B689201DA49A00CFDAB3 /* GistDetailView.xib in Resources */,
				602B44CD201C4BC3002F15AE /* Assets.xcassets in Resources */,
				60C9D2B9201C784A00C920E2 /* GistListView.xib in Resources */,
			);
			runOnlyForDeploymentPostprocessing = 0;
		};
/* End PBXResourcesBuildPhase section */

/* Begin PBXShellScriptBuildPhase section */
		0E4C9282A9AFEC0DF2F2AFDD /* [CP] Check Pods Manifest.lock */ = {
			isa = PBXShellScriptBuildPhase;
			buildActionMask = 2147483647;
			files = (
			);
			inputPaths = (
				"${PODS_PODFILE_DIR_PATH}/Podfile.lock",
				"${PODS_ROOT}/Manifest.lock",
			);
			name = "[CP] Check Pods Manifest.lock";
			outputPaths = (
				"$(DERIVED_FILE_DIR)/Pods-Gists-checkManifestLockResult.txt",
			);
			runOnlyForDeploymentPostprocessing = 0;
			shellPath = /bin/sh;
			shellScript = "diff \"${PODS_PODFILE_DIR_PATH}/Podfile.lock\" \"${PODS_ROOT}/Manifest.lock\" > /dev/null\nif [ $? != 0 ] ; then\n    # print error to STDERR\n    echo \"error: The sandbox is not in sync with the Podfile.lock. Run 'pod install' or update your CocoaPods installation.\" >&2\n    exit 1\nfi\n# This output is used by Xcode 'outputs' to avoid re-running this script phase.\necho \"SUCCESS\" > \"${SCRIPT_OUTPUT_FILE_0}\"\n";
			showEnvVarsInLog = 0;
		};
		7AC453860EE062DDC03F41C8 /* [CP] Copy Pods Resources */ = {
			isa = PBXShellScriptBuildPhase;
			buildActionMask = 2147483647;
			files = (
			);
			inputPaths = (
			);
			name = "[CP] Copy Pods Resources";
			outputPaths = (
			);
			runOnlyForDeploymentPostprocessing = 0;
			shellPath = /bin/sh;
			shellScript = "\"${SRCROOT}/Pods/Target Support Files/Pods-Gists/Pods-Gists-resources.sh\"\n";
			showEnvVarsInLog = 0;
		};
		B112749A6131FD5C78E47DDC /* [CP] Embed Pods Frameworks */ = {
			isa = PBXShellScriptBuildPhase;
			buildActionMask = 2147483647;
			files = (
			);
			inputPaths = (
			);
			name = "[CP] Embed Pods Frameworks";
			outputPaths = (
			);
			runOnlyForDeploymentPostprocessing = 0;
			shellPath = /bin/sh;
			shellScript = "\"${SRCROOT}/Pods/Target Support Files/Pods-Gists/Pods-Gists-frameworks.sh\"\n";
			showEnvVarsInLog = 0;
		};
/* End PBXShellScriptBuildPhase section */

/* Begin PBXSourcesBuildPhase section */
		602B44BC201C4BC3002F15AE /* Sources */ = {
			isa = PBXSourcesBuildPhase;
			buildActionMask = 2147483647;
			files = (
				60C8B697201DB7C700CFDAB3 /* GistDetailInteractor.m in Sources */,
				60C8B68F201DA81500CFDAB3 /* GistDetailAssembler.m in Sources */,
				60C8B6A6201EEA8100CFDAB3 /* GistDetailCommit.m in Sources */,
				602B44C8201C4BC3002F15AE /* GistListView.m in Sources */,
				60E3313A201C8A2E00F8BBB0 /* GistListElement.m in Sources */,
				60C9D2B1201C62E100C920E2 /* GistListPresenter.m in Sources */,
				60C8B69E201E601B00CFDAB3 /* GistDetailFile.m in Sources */,
				602B44D3201C4BC3002F15AE /* main.m in Sources */,
				60C8B6AA201EF05600CFDAB3 /* GistCommitCell.m in Sources */,
				602B44C5201C4BC3002F15AE /* AppDelegate.m in Sources */,
				60C8B678201D904000CFDAB3 /* GistListRouter.m in Sources */,
				60E33136201C858B00F8BBB0 /* GistListCell.m in Sources */,
				60C9D2AE201C5BE400C920E2 /* GistListInteractor.m in Sources */,
				60C8B688201DA49A00CFDAB3 /* GistDetailView.m in Sources */,
				60C8B68C201DA51800CFDAB3 /* GistDetailPresenter.m in Sources */,
				60C8B69B201E115000CFDAB3 /* NetworkManager.m in Sources */,
				60C8B6A2201E6D0200CFDAB3 /* GistFileCell.m in Sources */,
				60C9D2B5201C71E200C920E2 /* GistListAssembler.m in Sources */,
			);
			runOnlyForDeploymentPostprocessing = 0;
		};
/* End PBXSourcesBuildPhase section */

/* Begin PBXVariantGroup section */
		602B44CE201C4BC3002F15AE /* LaunchScreen.storyboard */ = {
			isa = PBXVariantGroup;
			children = (
				602B44CF201C4BC3002F15AE /* Base */,
			);
			name = LaunchScreen.storyboard;
			sourceTree = "<group>";
		};
/* End PBXVariantGroup section */

/* Begin XCBuildConfiguration section */
		602B44D4201C4BC3002F15AE /* Debug */ = {
			isa = XCBuildConfiguration;
			buildSettings = {
				ALWAYS_SEARCH_USER_PATHS = NO;
				CLANG_ANALYZER_NONNULL = YES;
				CLANG_ANALYZER_NUMBER_OBJECT_CONVERSION = YES_AGGRESSIVE;
				CLANG_CXX_LANGUAGE_STANDARD = "gnu++14";
				CLANG_CXX_LIBRARY = "libc++";
				CLANG_ENABLE_MODULES = YES;
				CLANG_ENABLE_OBJC_ARC = YES;
				CLANG_WARN_BLOCK_CAPTURE_AUTORELEASING = YES;
				CLANG_WARN_BOOL_CONVERSION = YES;
				CLANG_WARN_COMMA = YES;
				CLANG_WARN_CONSTANT_CONVERSION = YES;
				CLANG_WARN_DIRECT_OBJC_ISA_USAGE = YES_ERROR;
				CLANG_WARN_DOCUMENTATION_COMMENTS = YES;
				CLANG_WARN_EMPTY_BODY = YES;
				CLANG_WARN_ENUM_CONVERSION = YES;
				CLANG_WARN_INFINITE_RECURSION = YES;
				CLANG_WARN_INT_CONVERSION = YES;
				CLANG_WARN_NON_LITERAL_NULL_CONVERSION = YES;
				CLANG_WARN_OBJC_LITERAL_CONVERSION = YES;
				CLANG_WARN_OBJC_ROOT_CLASS = YES_ERROR;
				CLANG_WARN_RANGE_LOOP_ANALYSIS = YES;
				CLANG_WARN_STRICT_PROTOTYPES = YES;
				CLANG_WARN_SUSPICIOUS_MOVE = YES;
				CLANG_WARN_UNGUARDED_AVAILABILITY = YES_AGGRESSIVE;
				CLANG_WARN_UNREACHABLE_CODE = YES;
				CLANG_WARN__DUPLICATE_METHOD_MATCH = YES;
				CODE_SIGN_IDENTITY = "iPhone Developer";
				COPY_PHASE_STRIP = NO;
				DEBUG_INFORMATION_FORMAT = dwarf;
				ENABLE_STRICT_OBJC_MSGSEND = YES;
				ENABLE_TESTABILITY = YES;
				GCC_C_LANGUAGE_STANDARD = gnu11;
				GCC_DYNAMIC_NO_PIC = NO;
				GCC_NO_COMMON_BLOCKS = YES;
				GCC_OPTIMIZATION_LEVEL = 0;
				GCC_PREPROCESSOR_DEFINITIONS = (
					"DEBUG=1",
					"$(inherited)",
				);
				GCC_WARN_64_TO_32_BIT_CONVERSION = YES;
				GCC_WARN_ABOUT_RETURN_TYPE = YES_ERROR;
				GCC_WARN_UNDECLARED_SELECTOR = YES;
				GCC_WARN_UNINITIALIZED_AUTOS = YES_AGGRESSIVE;
				GCC_WARN_UNUSED_FUNCTION = YES;
				GCC_WARN_UNUSED_VARIABLE = YES;
				IPHONEOS_DEPLOYMENT_TARGET = 11.2;
				MTL_ENABLE_DEBUG_INFO = YES;
				ONLY_ACTIVE_ARCH = YES;
				SDKROOT = iphoneos;
			};
			name = Debug;
		};
		602B44D5201C4BC3002F15AE /* Release */ = {
			isa = XCBuildConfiguration;
			buildSettings = {
				ALWAYS_SEARCH_USER_PATHS = NO;
				CLANG_ANALYZER_NONNULL = YES;
				CLANG_ANALYZER_NUMBER_OBJECT_CONVERSION = YES_AGGRESSIVE;
				CLANG_CXX_LANGUAGE_STANDARD = "gnu++14";
				CLANG_CXX_LIBRARY = "libc++";
				CLANG_ENABLE_MODULES = YES;
				CLANG_ENABLE_OBJC_ARC = YES;
				CLANG_WARN_BLOCK_CAPTURE_AUTORELEASING = YES;
				CLANG_WARN_BOOL_CONVERSION = YES;
				CLANG_WARN_COMMA = YES;
				CLANG_WARN_CONSTANT_CONVERSION = YES;
				CLANG_WARN_DIRECT_OBJC_ISA_USAGE = YES_ERROR;
				CLANG_WARN_DOCUMENTATION_COMMENTS = YES;
				CLANG_WARN_EMPTY_BODY = YES;
				CLANG_WARN_ENUM_CONVERSION = YES;
				CLANG_WARN_INFINITE_RECURSION = YES;
				CLANG_WARN_INT_CONVERSION = YES;
				CLANG_WARN_NON_LITERAL_NULL_CONVERSION = YES;
				CLANG_WARN_OBJC_LITERAL_CONVERSION = YES;
				CLANG_WARN_OBJC_ROOT_CLASS = YES_ERROR;
				CLANG_WARN_RANGE_LOOP_ANALYSIS = YES;
				CLANG_WARN_STRICT_PROTOTYPES = YES;
				CLANG_WARN_SUSPICIOUS_MOVE = YES;
				CLANG_WARN_UNGUARDED_AVAILABILITY = YES_AGGRESSIVE;
				CLANG_WARN_UNREACHABLE_CODE = YES;
				CLANG_WARN__DUPLICATE_METHOD_MATCH = YES;
				CODE_SIGN_IDENTITY = "iPhone Developer";
				COPY_PHASE_STRIP = NO;
				DEBUG_INFORMATION_FORMAT = "dwarf-with-dsym";
				ENABLE_NS_ASSERTIONS = NO;
				ENABLE_STRICT_OBJC_MSGSEND = YES;
				GCC_C_LANGUAGE_STANDARD = gnu11;
				GCC_NO_COMMON_BLOCKS = YES;
				GCC_WARN_64_TO_32_BIT_CONVERSION = YES;
				GCC_WARN_ABOUT_RETURN_TYPE = YES_ERROR;
				GCC_WARN_UNDECLARED_SELECTOR = YES;
				GCC_WARN_UNINITIALIZED_AUTOS = YES_AGGRESSIVE;
				GCC_WARN_UNUSED_FUNCTION = YES;
				GCC_WARN_UNUSED_VARIABLE = YES;
				IPHONEOS_DEPLOYMENT_TARGET = 11.2;
				MTL_ENABLE_DEBUG_INFO = NO;
				SDKROOT = iphoneos;
				VALIDATE_PRODUCT = YES;
			};
			name = Release;
		};
		602B44D7201C4BC3002F15AE /* Debug */ = {
			isa = XCBuildConfiguration;
			baseConfigurationReference = 10B7F3E5B9A0CFC6C9E9CCB6 /* Pods-Gists.debug.xcconfig */;
			buildSettings = {
				ASSETCATALOG_COMPILER_APPICON_NAME = AppIcon;
				CODE_SIGN_STYLE = Automatic;
				INFOPLIST_FILE = Gists/Info.plist;
				LD_RUNPATH_SEARCH_PATHS = "$(inherited) @executable_path/Frameworks";
				PRODUCT_BUNDLE_IDENTIFIER = test.Gists;
				PRODUCT_NAME = "$(TARGET_NAME)";
				TARGETED_DEVICE_FAMILY = "1,2";
			};
			name = Debug;
		};
		602B44D8201C4BC3002F15AE /* Release */ = {
			isa = XCBuildConfiguration;
			baseConfigurationReference = 60C5AA30A76E116FE3662578 /* Pods-Gists.release.xcconfig */;
			buildSettings = {
				ASSETCATALOG_COMPILER_APPICON_NAME = AppIcon;
				CODE_SIGN_STYLE = Automatic;
				INFOPLIST_FILE = Gists/Info.plist;
				LD_RUNPATH_SEARCH_PATHS = "$(inherited) @executable_path/Frameworks";
				PRODUCT_BUNDLE_IDENTIFIER = test.Gists;
				PRODUCT_NAME = "$(TARGET_NAME)";
				TARGETED_DEVICE_FAMILY = "1,2";
			};
			name = Release;
		};
/* End XCBuildConfiguration section */

/* Begin XCConfigurationList section */
		602B44BB201C4BC3002F15AE /* Build configuration list for PBXProject "Gists" */ = {
			isa = XCConfigurationList;
			buildConfigurations = (
				602B44D4201C4BC3002F15AE /* Debug */,
				602B44D5201C4BC3002F15AE /* Release */,
			);
			defaultConfigurationIsVisible = 0;
			defaultConfigurationName = Release;
		};
		602B44D6201C4BC3002F15AE /* Build configuration list for PBXNativeTarget "Gists" */ = {
			isa = XCConfigurationList;
			buildConfigurations = (
				602B44D7201C4BC3002F15AE /* Debug */,
				602B44D8201C4BC3002F15AE /* Release */,
			);
			defaultConfigurationIsVisible = 0;
			defaultConfigurationName = Release;
		};
/* End XCConfigurationList section */
	};
	rootObject = 602B44B8201C4BC3002F15AE /* Project object */;
}
